
Microsoft Visual Studio Solution File, Format Version 12.00
# Visual Studio 15
VisualStudioVersion = 15.0.28307.1082
MinimumVisualStudioVersion = 10.0.40219.1
Project("{FAE04EC0-301F-11D3-BF4B-00C04F79EFBC}") = "SWIFT_Conf_Services", "SWIFT_Conf_Services\SWIFT_Conf_Services.csproj", "{8FBD3A17-09B9-46B6-9873-8A4315D424B2}"
EndProject
Global
	GlobalSection(SolutionConfigurationPlatforms) = preSolution
		Debug|Any CPU = Debug|Any CPU
		Release|Any CPU = Release|Any CPU
	EndGlobalSection
	GlobalSection(ProjectConfigurationPlatforms) = postSolution
		{8FBD3A17-09B9-46B6-9873-8A4315D424B2}.Debug|Any CPU.ActiveCfg = Debug|Any CPU
		{8FBD3A17-09B9-46B6-9873-8A4315D424B2}.Debug|Any CPU.Build.0 = Debug|Any CPU
		{8FBD3A17-09B9-46B6-9873-8A4315D424B2}.Release|Any CPU.ActiveCfg = Release|Any CPU
		{8FBD3A17-09B9-46B6-9873-8A4315D424B2}.Release|Any CPU.Build.0 = Release|Any CPU
	EndGlobalSection
	GlobalSection(SolutionProperties) = preSolution
		HideSolutionNode = FALSE
	EndGlobalSection
	GlobalSection(ExtensibilityGlobals) = postSolution
		SolutionGuid = {02687089-45A8-48E0-98FB-8B175698D912}
	EndGlobalSection
EndGlobal
